
Microsoft Visual Studio Solution File, Format Version 12.00
# Visual Studio Version 16
VisualStudioVersion = 16.0.31005.135
MinimumVisualStudioVersion = 10.0.40219.1
Project("{F184B08F-C81C-45F6-A57F-5ABD9991F28F}") = "Weekly Pay", "Weekly Pay.vbproj", "{B1C5DAC6-8629-4010-A4FB-D1F96564783F}"
EndProject
Global
	GlobalSection(SolutionConfigurationPlatforms) = preSolution
		Debug|Any CPU = Debug|Any CPU
		Release|Any CPU = Release|Any CPU
	EndGlobalSection
	GlobalSection(ProjectConfigurationPlatforms) = postSolution
		{B1C5DAC6-8629-4010-A4FB-D1F96564783F}.Debug|Any CPU.ActiveCfg = Debug|Any CPU
		{B1C5DAC6-8629-4010-A4FB-D1F96564783F}.Debug|Any CPU.Build.0 = Debug|Any CPU
		{B1C5DAC6-8629-4010-A4FB-D1F96564783F}.Release|Any CPU.ActiveCfg = Release|Any CPU
		{B1C5DAC6-8629-4010-A4FB-D1F96564783F}.Release|Any CPU.Build.0 = Release|Any CPU
	EndGlobalSection
	GlobalSection(SolutionProperties) = preSolution
		HideSolutionNode = FALSE
	EndGlobalSection
	GlobalSection(ExtensibilityGlobals) = postSolution
		SolutionGuid = {451EF5D3-2644-4439-9DD7-5ECCD7982235}
	EndGlobalSection
EndGlobal
